# @generated by Move, please check-in and do not edit manually.

[move]
version = 3
manifest_digest = "6A09BB3BB57673C8BE5429A274B0E5E87EDC9912E30A5BCA02B3A050959EDEC7"
deps_digest = "F8BBB0CCB2491CA29A3DF03D6F92277A4F3574266507ACD77214D37ECA3F3082"
dependencies = [
  { id = "Sui", name = "Sui" },
]

[[move.package]]
id = "MoveStdlib"
source = { git = "https://github.com/MystenLabs/sui.git", rev = "main", subdir = "crates/sui-framework/packages/move-stdlib" }

[[move.package]]
id = "Sui"
source = { git = "https://github.com/MystenLabs/sui.git", rev = "main", subdir = "crates/sui-framework/packages/sui-framework" }

dependencies = [
  { id = "MoveStdlib", name = "MoveStdlib" },
]

[move.toolchain-version]
compiler-version = "1.45.0"
edition = "2024.beta"
flavor = "sui"

[env]

[env.testnet]
chain-id = "4c78adac"
original-published-id = "0x1bffe6fba57ae61134bf575ab839e70eb1c90f83e233008db6f88507289b7a04"
latest-published-id = "0x1bffe6fba57ae61134bf575ab839e70eb1c90f83e233008db6f88507289b7a04"
published-version = "1"

[env.devnet]
chain-id = "4829d9bc"
original-published-id = "0xfea08ebd0268af563be4d2ab318cf303929035a5222b883299dad7a21be6ead4"
latest-published-id = "0xfea08ebd0268af563be4d2ab318cf303929035a5222b883299dad7a21be6ead4"
published-version = "1"
