lockfileVersion: '9.0'

settings:
  autoInstallPeers: true
  excludeLinksFromLockfile: false

importers:

  .:
    dependencies:
      '@mysten/sui':
        specifier: ^1.28.0
        version: 1.28.0(typescript@5.8.3)
      blakejs:
        specifier: ^1.2.1
        version: 1.2.1
      dotenv:
        specifier: ^16.5.0
        version: 16.5.0
    devDependencies:
      '@types/node':
        specifier: ^22.14.1
        version: 22.14.1

packages:

  '@0no-co/graphql.web@1.1.2':
    resolution: {integrity: sha512-N2NGsU5FLBhT8NZ+3l2YrzZSHITjNXNuDhC4iDiikv0IujaJ0Xc6xIxQZ/Ek3Cb+rgPjnLHYyJm11tInuJn+cw==}
    peerDependencies:
      graphql: ^14.0.0 || ^15.0.0 || ^16.0.0
    peerDependenciesMeta:
      graphql:
        optional: true

  '@0no-co/graphqlsp@1.12.16':
    resolution: {integrity: sha512-B5pyYVH93Etv7xjT6IfB7QtMBdaaC07yjbhN6v8H7KgFStMkPvi+oWYBTibMFRMY89qwc9H8YixXg8SXDVgYWw==}
    peerDependencies:
      graphql: ^15.5.0 || ^16.0.0 || ^17.0.0
      typescript: ^5.0.0

  '@gql.tada/cli-utils@1.6.3':
    resolution: {integrity: sha512-jFFSY8OxYeBxdKi58UzeMXG1tdm4FVjXa8WHIi66Gzu9JWtCE6mqom3a8xkmSw+mVaybFW5EN2WXf1WztJVNyQ==}
    peerDependencies:
      '@0no-co/graphqlsp': ^1.12.13
      '@gql.tada/svelte-support': 1.0.1
      '@gql.tada/vue-support': 1.0.1
      graphql: ^15.5.0 || ^16.0.0 || ^17.0.0
      typescript: ^5.0.0
    peerDependenciesMeta:
      '@gql.tada/svelte-support':
        optional: true
      '@gql.tada/vue-support':
        optional: true

  '@gql.tada/internal@1.0.8':
    resolution: {integrity: sha512-XYdxJhtHC5WtZfdDqtKjcQ4d7R1s0d1rnlSs3OcBEUbYiPoJJfZU7tWsVXuv047Z6msvmr4ompJ7eLSK5Km57g==}
    peerDependencies:
      graphql: ^15.5.0 || ^16.0.0 || ^17.0.0
      typescript: ^5.0.0

  '@graphql-typed-document-node/core@3.2.0':
    resolution: {integrity: sha512-mB9oAsNCm9aM3/SOv4YtBMqZbYj10R7dkq8byBqxGY/ncFwhf2oQzMV+LCRlWoDSEBJ3COiR1yeDvMtsoOsuFQ==}
    peerDependencies:
      graphql: ^0.8.0 || ^0.9.0 || ^0.10.0 || ^0.11.0 || ^0.12.0 || ^0.13.0 || ^14.0.0 || ^15.0.0 || ^16.0.0 || ^17.0.0

  '@mysten/bcs@1.6.0':
    resolution: {integrity: sha512-ydDRYdIkIFCpHCcPvAkMC91fVwumjzbTgjqds0KsphDQI3jUlH3jFG5lfYNTmV6V3pkhOiRk1fupLBcsQsiszg==}

  '@mysten/sui@1.28.0':
    resolution: {integrity: sha512-ABcKc+QBpazBl5/ByLChxHOiPjqxISSdXnBuU1rLm1frp5tjMSCChiL7Reth2zcxWO2qYFK70ewEkYVtJvJQvw==}
    engines: {node: '>=18'}

  '@mysten/utils@0.0.0':
    resolution: {integrity: sha512-KRI57Qow3E7TGqczimazwGf7+fwukdOi+6a31igSCzz0kPjAXbyK1a1gXaxeLMF8xEZ07ouW3RnsWt+EaUuHUw==}

  '@noble/curves@1.8.2':
    resolution: {integrity: sha512-vnI7V6lFNe0tLAuJMu+2sX+FcL14TaCWy1qiczg1VwRmPrpQCdq5ESXQMqUc2tluRNf6irBXrWbl1mGN8uaU/g==}
    engines: {node: ^14.21.3 || >=16}

  '@noble/hashes@1.7.2':
    resolution: {integrity: sha512-biZ0NUSxyjLLqo6KxEJ1b+C2NAx0wtDoFvCaXHGgUkeHzf3Xc1xKumFKREuT7f7DARNZ/slvYUwFG6B0f2b6hQ==}
    engines: {node: ^14.21.3 || >=16}

  '@scure/base@1.2.4':
    resolution: {integrity: sha512-5Yy9czTO47mqz+/J8GM6GIId4umdCk1wc1q8rKERQulIoc8VP9pzDcghv10Tl2E7R96ZUx/PhND3ESYUQX8NuQ==}

  '@scure/bip32@1.6.2':
    resolution: {integrity: sha512-t96EPDMbtGgtb7onKKqxRLfE5g05k7uHnHRM2xdE6BP/ZmxaLtPek4J4KfVn/90IQNrU1IOAqMgiDtUdtbe3nw==}

  '@scure/bip39@1.5.4':
    resolution: {integrity: sha512-TFM4ni0vKvCfBpohoh+/lY05i9gRbSwXWngAsF4CABQxoaOHijxuaZ2R6cStDQ5CHtHO9aGJTr4ksVJASRRyMA==}

  '@types/node@22.14.1':
    resolution: {integrity: sha512-u0HuPQwe/dHrItgHHpmw3N2fYCR6x4ivMNbPHRkBVP4CvN+kiRrKHWk3i8tXiO/joPwXLMYvF9TTF0eqgHIuOw==}

  blakejs@1.2.1:
    resolution: {integrity: sha512-QXUSXI3QVc/gJME0dBpXrag1kbzOqCjCX8/b54ntNyW6sjtoqxqRk3LTmXzaJoh71zMsDCjM+47jS7XiwN/+fQ==}

  dotenv@16.5.0:
    resolution: {integrity: sha512-m/C+AwOAr9/W1UOIZUo232ejMNnJAJtYQjUbHoNTBNTJSvqzzDh7vnrei3o3r3m9blf6ZoDkvcw0VmozNRFJxg==}
    engines: {node: '>=12'}

  gql.tada@1.8.10:
    resolution: {integrity: sha512-FrvSxgz838FYVPgZHGOSgbpOjhR+yq44rCzww3oOPJYi0OvBJjAgCiP6LEokZIYND2fUTXzQAyLgcvgw1yNP5A==}
    hasBin: true
    peerDependencies:
      typescript: ^5.0.0

  graphql@16.10.0:
    resolution: {integrity: sha512-AjqGKbDGUFRKIRCP9tCKiIGHyriz2oHEbPIbEtcSLSs4YjReZOIPQQWek4+6hjw62H9QShXHyaGivGiYVLeYFQ==}
    engines: {node: ^12.22.0 || ^14.16.0 || ^16.0.0 || >=17.0.0}

  poseidon-lite@0.2.1:
    resolution: {integrity: sha512-xIr+G6HeYfOhCuswdqcFpSX47SPhm0EpisWJ6h7fHlWwaVIvH3dLnejpatrtw6Xc6HaLrpq05y7VRfvDmDGIog==}

  typescript@5.8.3:
    resolution: {integrity: sha512-p1diW6TqL9L07nNxvRMM7hMMw4c5XOo/1ibL4aAIGmSAt9slTE1Xgw5KWuof2uTOvCg9BY7ZRi+GaF+7sfgPeQ==}
    engines: {node: '>=14.17'}
    hasBin: true

  undici-types@6.21.0:
    resolution: {integrity: sha512-iwDZqg0QAGrg9Rav5H4n0M64c3mkR59cJ6wQp+7C4nI0gsmExaedaYLNO44eT4AtBBwjbTiGPMlt2Md0T9H9JQ==}

  valibot@0.36.0:
    resolution: {integrity: sha512-CjF1XN4sUce8sBK9TixrDqFM7RwNkuXdJu174/AwmQUB62QbCQADg5lLe8ldBalFgtj1uKj+pKwDJiNo4Mn+eQ==}

snapshots:

  '@0no-co/graphql.web@1.1.2(graphql@16.10.0)':
    optionalDependencies:
      graphql: 16.10.0

  '@0no-co/graphqlsp@1.12.16(graphql@16.10.0)(typescript@5.8.3)':
    dependencies:
      '@gql.tada/internal': 1.0.8(graphql@16.10.0)(typescript@5.8.3)
      graphql: 16.10.0
      typescript: 5.8.3

  '@gql.tada/cli-utils@1.6.3(@0no-co/graphqlsp@1.12.16(graphql@16.10.0)(typescript@5.8.3))(graphql@16.10.0)(typescript@5.8.3)':
    dependencies:
      '@0no-co/graphqlsp': 1.12.16(graphql@16.10.0)(typescript@5.8.3)
      '@gql.tada/internal': 1.0.8(graphql@16.10.0)(typescript@5.8.3)
      graphql: 16.10.0
      typescript: 5.8.3

  '@gql.tada/internal@1.0.8(graphql@16.10.0)(typescript@5.8.3)':
    dependencies:
      '@0no-co/graphql.web': 1.1.2(graphql@16.10.0)
      graphql: 16.10.0
      typescript: 5.8.3

  '@graphql-typed-document-node/core@3.2.0(graphql@16.10.0)':
    dependencies:
      graphql: 16.10.0

  '@mysten/bcs@1.6.0':
    dependencies:
      '@scure/base': 1.2.4

  '@mysten/sui@1.28.0(typescript@5.8.3)':
    dependencies:
      '@graphql-typed-document-node/core': 3.2.0(graphql@16.10.0)
      '@mysten/bcs': 1.6.0
      '@mysten/utils': 0.0.0
      '@noble/curves': 1.8.2
      '@noble/hashes': 1.7.2
      '@scure/base': 1.2.4
      '@scure/bip32': 1.6.2
      '@scure/bip39': 1.5.4
      gql.tada: 1.8.10(graphql@16.10.0)(typescript@5.8.3)
      graphql: 16.10.0
      poseidon-lite: 0.2.1
      valibot: 0.36.0
    transitivePeerDependencies:
      - '@gql.tada/svelte-support'
      - '@gql.tada/vue-support'
      - typescript

  '@mysten/utils@0.0.0':
    dependencies:
      '@scure/base': 1.2.4

  '@noble/curves@1.8.2':
    dependencies:
      '@noble/hashes': 1.7.2

  '@noble/hashes@1.7.2': {}

  '@scure/base@1.2.4': {}

  '@scure/bip32@1.6.2':
    dependencies:
      '@noble/curves': 1.8.2
      '@noble/hashes': 1.7.2
      '@scure/base': 1.2.4

  '@scure/bip39@1.5.4':
    dependencies:
      '@noble/hashes': 1.7.2
      '@scure/base': 1.2.4

  '@types/node@22.14.1':
    dependencies:
      undici-types: 6.21.0

  blakejs@1.2.1: {}

  dotenv@16.5.0: {}

  gql.tada@1.8.10(graphql@16.10.0)(typescript@5.8.3):
    dependencies:
      '@0no-co/graphql.web': 1.1.2(graphql@16.10.0)
      '@0no-co/graphqlsp': 1.12.16(graphql@16.10.0)(typescript@5.8.3)
      '@gql.tada/cli-utils': 1.6.3(@0no-co/graphqlsp@1.12.16(graphql@16.10.0)(typescript@5.8.3))(graphql@16.10.0)(typescript@5.8.3)
      '@gql.tada/internal': 1.0.8(graphql@16.10.0)(typescript@5.8.3)
      typescript: 5.8.3
    transitivePeerDependencies:
      - '@gql.tada/svelte-support'
      - '@gql.tada/vue-support'
      - graphql

  graphql@16.10.0: {}

  poseidon-lite@0.2.1: {}

  typescript@5.8.3: {}

  undici-types@6.21.0: {}

  valibot@0.36.0: {}
